// !$*UTF8*$!
{
	archiveVersion = 1;
	classes = {
	};
	objectVersion = 56;
	objects = {

/* Begin PBXBuildFile section */
		4AF2B1647C4F925B3B71A365 /* Pods_ApplePicking.framework in Frameworks */ = {isa = PBXBuildFile; fileRef = 25F93A34930D614D9149F531 /* Pods_ApplePicking.framework */; };
		CA314E4F2DA26D3500AA8BD1 /* AppDelegate.swift in Sources */ = {isa = PBXBuildFile; fileRef = CA314E4E2DA26D3500AA8BD1 /* AppDelegate.swift */; };
		CA314E512DA26D3500AA8BD1 /* SceneDelegate.swift in Sources */ = {isa = PBXBuildFile; fileRef = CA314E502DA26D3500AA8BD1 /* SceneDelegate.swift */; };
		CA314E532DA26D3500AA8BD1 /* GameViewController.swift in Sources */ = {isa = PBXBuildFile; fileRef = CA314E522DA26D3500AA8BD1 /* GameViewController.swift */; };
		CA314E582DA26D3600AA8BD1 /* Assets.xcassets in Resources */ = {isa = PBXBuildFile; fileRef = CA314E572DA26D3600AA8BD1 /* Assets.xcassets */; };
		CA314E5B2DA26D3600AA8BD1 /* LaunchScreen.storyboard in Resources */ = {isa = PBXBuildFile; fileRef = CA314E592DA26D3600AA8BD1 /* LaunchScreen.storyboard */; };
		CA92F3FC2DA4EEDA006F4483 /* apple picking tunes.mp3 in Resources */ = {isa = PBXBuildFile; fileRef = CA92F3FB2DA4EEDA006F4483 /* apple picking tunes.mp3 */; };
/* End PBXBuildFile section */

/* Begin PBXFileReference section */
		25F93A34930D614D9149F531 /* Pods_ApplePicking.framework */ = {isa = PBXFileReference; explicitFileType = wrapper.framework; includeInIndex = 0; path = Pods_ApplePicking.framework; sourceTree = BUILT_PRODUCTS_DIR; };
		38A78E76774883102A7D78F6 /* Pods-ApplePicking.release.xcconfig */ = {isa = PBXFileReference; includeInIndex = 1; lastKnownFileType = text.xcconfig; name = "Pods-ApplePicking.release.xcconfig"; path = "Target Support Files/Pods-ApplePicking/Pods-ApplePicking.release.xcconfig"; sourceTree = "<group>"; };
		A7D7079A9D89B84B37007211 /* Pods-ApplePicking.debug.xcconfig */ = {isa = PBXFileReference; includeInIndex = 1; lastKnownFileType = text.xcconfig; name = "Pods-ApplePicking.debug.xcconfig"; path = "Target Support Files/Pods-ApplePicking/Pods-ApplePicking.debug.xcconfig"; sourceTree = "<group>"; };
		CA314E4B2DA26D3500AA8BD1 /* ApplePicking.app */ = {isa = PBXFileReference; explicitFileType = wrapper.application; includeInIndex = 0; path = ApplePicking.app; sourceTree = BUILT_PRODUCTS_DIR; };
		CA314E4E2DA26D3500AA8BD1 /* AppDelegate.swift */ = {isa = PBXFileReference; lastKnownFileType = sourcecode.swift; path = AppDelegate.swift; sourceTree = "<group>"; };
		CA314E502DA26D3500AA8BD1 /* SceneDelegate.swift */ = {isa = PBXFileReference; lastKnownFileType = sourcecode.swift; path = SceneDelegate.swift; sourceTree = "<group>"; };
		CA314E522DA26D3500AA8BD1 /* GameViewController.swift */ = {isa = PBXFileReference; lastKnownFileType = sourcecode.swift; path = GameViewController.swift; sourceTree = "<group>"; };
		CA314E572DA26D3600AA8BD1 /* Assets.xcassets */ = {isa = PBXFileReference; lastKnownFileType = folder.assetcatalog; path = Assets.xcassets; sourceTree = "<group>"; };
		CA314E5A2DA26D3600AA8BD1 /* Base */ = {isa = PBXFileReference; lastKnownFileType = file.storyboard; name = Base; path = Base.lproj/LaunchScreen.storyboard; sourceTree = "<group>"; };
		CA314E5C2DA26D3600AA8BD1 /* Info.plist */ = {isa = PBXFileReference; lastKnownFileType = text.plist.xml; path = Info.plist; sourceTree = "<group>"; };
		CA92F3FB2DA4EEDA006F4483 /* apple picking tunes.mp3 */ = {isa = PBXFileReference; lastKnownFileType = audio.mp3; path = "apple picking tunes.mp3"; sourceTree = "<group>"; };
/* End PBXFileReference section */

/* Begin PBXFrameworksBuildPhase section */
		CA314E482DA26D3500AA8BD1 /* Frameworks */ = {
			isa = PBXFrameworksBuildPhase;
			buildActionMask = 2147483647;
			files = (
				4AF2B1647C4F925B3B71A365 /* Pods_ApplePicking.framework in Frameworks */,
			);
			runOnlyForDeploymentPostprocessing = 0;
		};
/* End PBXFrameworksBuildPhase section */

/* Begin PBXGroup section */
		538BE882B1FB6016C400D4CC /* Pods */ = {
			isa = PBXGroup;
			children = (
				A7D7079A9D89B84B37007211 /* Pods-ApplePicking.debug.xcconfig */,
				38A78E76774883102A7D78F6 /* Pods-ApplePicking.release.xcconfig */,
			);
			name = Pods;
			path = Pods;
			sourceTree = "<group>";
		};
		CA314E422DA26D3500AA8BD1 = {
			isa = PBXGroup;
			children = (
				CA314E4D2DA26D3500AA8BD1 /* ApplePicking */,
				CA314E4C2DA26D3500AA8BD1 /* Products */,
				538BE882B1FB6016C400D4CC /* Pods */,
				CADB28E3618336E16E0ED8C2 /* Frameworks */,
			);
			sourceTree = "<group>";
		};
		CA314E4C2DA26D3500AA8BD1 /* Products */ = {
			isa = PBXGroup;
			children = (
				CA314E4B2DA26D3500AA8BD1 /* ApplePicking.app */,
			);
			name = Products;
			sourceTree = "<group>";
		};
		CA314E4D2DA26D3500AA8BD1 /* ApplePicking */ = {
			isa = PBXGroup;
			children = (
				CA314E4E2DA26D3500AA8BD1 /* AppDelegate.swift */,
				CA314E502DA26D3500AA8BD1 /* SceneDelegate.swift */,
				CA314E522DA26D3500AA8BD1 /* GameViewController.swift */,
				CA314E572DA26D3600AA8BD1 /* Assets.xcassets */,
				CA314E592DA26D3600AA8BD1 /* LaunchScreen.storyboard */,
				CA314E5C2DA26D3600AA8BD1 /* Info.plist */,
				CA92F3FB2DA4EEDA006F4483 /* apple picking tunes.mp3 */,
			);
			path = ApplePicking;
			sourceTree = "<group>";
		};
		CADB28E3618336E16E0ED8C2 /* Frameworks */ = {
			isa = PBXGroup;
			children = (
				25F93A34930D614D9149F531 /* Pods_ApplePicking.framework */,
			);
			name = Frameworks;
			sourceTree = "<group>";
		};
/* End PBXGroup section */

/* Begin PBXNativeTarget section */
		CA314E4A2DA26D3500AA8BD1 /* ApplePicking */ = {
			isa = PBXNativeTarget;
			buildConfigurationList = CA314E5F2DA26D3600AA8BD1 /* Build configuration list for PBXNativeTarget "ApplePicking" */;
			buildPhases = (
				C439513EFE95A81320FC7347 /* [CP] Check Pods Manifest.lock */,
				CA314E472DA26D3500AA8BD1 /* Sources */,
				CA314E482DA26D3500AA8BD1 /* Frameworks */,
				CA314E492DA26D3500AA8BD1 /* Resources */,
				E1CC863DBB0ED36849C27A78 /* [CP] Embed Pods Frameworks */,
			);
			buildRules = (
			);
			dependencies = (
			);
			name = ApplePicking;
			productName = ApplePicking;
			productReference = CA314E4B2DA26D3500AA8BD1 /* ApplePicking.app */;
			productType = "com.apple.product-type.application";
		};
/* End PBXNativeTarget section */

/* Begin PBXProject section */
		CA314E432DA26D3500AA8BD1 /* Project object */ = {
			isa = PBXProject;
			attributes = {
				BuildIndependentTargetsInParallel = 1;
				LastSwiftUpdateCheck = 1430;
				LastUpgradeCheck = 1430;
				TargetAttributes = {
					CA314E4A2DA26D3500AA8BD1 = {
						CreatedOnToolsVersion = 14.3.1;
					};
				};
			};
			buildConfigurationList = CA314E462DA26D3500AA8BD1 /* Build configuration list for PBXProject "ApplePicking" */;
			compatibilityVersion = "Xcode 14.0";
			developmentRegion = en;
			hasScannedForEncodings = 0;
			knownRegions = (
				en,
				Base,
			);
			mainGroup = CA314E422DA26D3500AA8BD1;
			productRefGroup = CA314E4C2DA26D3500AA8BD1 /* Products */;
			projectDirPath = "";
			projectRoot = "";
			targets = (
				CA314E4A2DA26D3500AA8BD1 /* ApplePicking */,
			);
		};
/* End PBXProject section */

/* Begin PBXResourcesBuildPhase section */
		CA314E492DA26D3500AA8BD1 /* Resources */ = {
			isa = PBXResourcesBuildPhase;
			buildActionMask = 2147483647;
			files = (
				CA92F3FC2DA4EEDA006F4483 /* apple picking tunes.mp3 in Resources */,
				CA314E5B2DA26D3600AA8BD1 /* LaunchScreen.storyboard in Resources */,
				CA314E582DA26D3600AA8BD1 /* Assets.xcassets in Resources */,
			);
			runOnlyForDeploymentPostprocessing = 0;
		};
/* End PBXResourcesBuildPhase section */

/* Begin PBXShellScriptBuildPhase section */
		C439513EFE95A81320FC7347 /* [CP] Check Pods Manifest.lock */ = {
			isa = PBXShellScriptBuildPhase;
			buildActionMask = 2147483647;
			files = (
			);
			inputFileListPaths = (
			);
			inputPaths = (
				"${PODS_PODFILE_DIR_PATH}/Podfile.lock",
				"${PODS_ROOT}/Manifest.lock",
			);
			name = "[CP] Check Pods Manifest.lock";
			outputFileListPaths = (
			);
			outputPaths = (
				"$(DERIVED_FILE_DIR)/Pods-ApplePicking-checkManifestLockResult.txt",
			);
			runOnlyForDeploymentPostprocessing = 0;
			shellPath = /bin/sh;
			shellScript = "diff \"${PODS_PODFILE_DIR_PATH}/Podfile.lock\" \"${PODS_ROOT}/Manifest.lock\" > /dev/null\nif [ $? != 0 ] ; then\n    # print error to STDERR\n    echo \"error: The sandbox is not in sync with the Podfile.lock. Run 'pod install' or update your CocoaPods installation.\" >&2\n    exit 1\nfi\n# This output is used by Xcode 'outputs' to avoid re-running this script phase.\necho \"SUCCESS\" > \"${SCRIPT_OUTPUT_FILE_0}\"\n";
			showEnvVarsInLog = 0;
		};
		E1CC863DBB0ED36849C27A78 /* [CP] Embed Pods Frameworks */ = {
			isa = PBXShellScriptBuildPhase;
			buildActionMask = 2147483647;
			files = (
			);
			inputFileListPaths = (
				"${PODS_ROOT}/Target Support Files/Pods-ApplePicking/Pods-ApplePicking-frameworks-${CONFIGURATION}-input-files.xcfilelist",
			);
			name = "[CP] Embed Pods Frameworks";
			outputFileListPaths = (
				"${PODS_ROOT}/Target Support Files/Pods-ApplePicking/Pods-ApplePicking-frameworks-${CONFIGURATION}-output-files.xcfilelist",
			);
			runOnlyForDeploymentPostprocessing = 0;
			shellPath = /bin/sh;
			shellScript = "\"${PODS_ROOT}/Target Support Files/Pods-ApplePicking/Pods-ApplePicking-frameworks.sh\"\n";
			showEnvVarsInLog = 0;
		};
/* End PBXShellScriptBuildPhase section */

/* Begin PBXSourcesBuildPhase section */
		CA314E472DA26D3500AA8BD1 /* Sources */ = {
			isa = PBXSourcesBuildPhase;
			buildActionMask = 2147483647;
			files = (
				CA314E532DA26D3500AA8BD1 /* GameViewController.swift in Sources */,
				CA314E4F2DA26D3500AA8BD1 /* AppDelegate.swift in Sources */,
				CA314E512DA26D3500AA8BD1 /* SceneDelegate.swift in Sources */,
			);
			runOnlyForDeploymentPostprocessing = 0;
		};
/* End PBXSourcesBuildPhase section */

/* Begin PBXVariantGroup section */
		CA314E592DA26D3600AA8BD1 /* LaunchScreen.storyboard */ = {
			isa = PBXVariantGroup;
			children = (
				CA314E5A2DA26D3600AA8BD1 /* Base */,
			);
			name = LaunchScreen.storyboard;
			sourceTree = "<group>";
		};
/* End PBXVariantGroup section */

/* Begin XCBuildConfiguration section */
		CA314E5D2DA26D3600AA8BD1 /* Debug */ = {
			isa = XCBuildConfiguration;
			buildSettings = {
				ALWAYS_SEARCH_USER_PATHS = NO;
				CLANG_ANALYZER_NONNULL = YES;
				CLANG_ANALYZER_NUMBER_OBJECT_CONVERSION = YES_AGGRESSIVE;
				CLANG_CXX_LANGUAGE_STANDARD = "gnu++20";
				CLANG_ENABLE_MODULES = YES;
				CLANG_ENABLE_OBJC_ARC = YES;
				CLANG_ENABLE_OBJC_WEAK = YES;
				CLANG_WARN_BLOCK_CAPTURE_AUTORELEASING = YES;
				CLANG_WARN_BOOL_CONVERSION = YES;
				CLANG_WARN_COMMA = YES;
				CLANG_WARN_CONSTANT_CONVERSION = YES;
				CLANG_WARN_DEPRECATED_OBJC_IMPLEMENTATIONS = YES;
				CLANG_WARN_DIRECT_OBJC_ISA_USAGE = YES_ERROR;
				CLANG_WARN_DOCUMENTATION_COMMENTS = YES;
				CLANG_WARN_EMPTY_BODY = YES;
				CLANG_WARN_ENUM_CONVERSION = YES;
				CLANG_WARN_INFINITE_RECURSION = YES;
				CLANG_WARN_INT_CONVERSION = YES;
				CLANG_WARN_NON_LITERAL_NULL_CONVERSION = YES;
				CLANG_WARN_OBJC_IMPLICIT_RETAIN_SELF = YES;
				CLANG_WARN_OBJC_LITERAL_CONVERSION = YES;
				CLANG_WARN_OBJC_ROOT_CLASS = YES_ERROR;
				CLANG_WARN_QUOTED_INCLUDE_IN_FRAMEWORK_HEADER = YES;
				CLANG_WARN_RANGE_LOOP_ANALYSIS = YES;
				CLANG_WARN_STRICT_PROTOTYPES = YES;
				CLANG_WARN_SUSPICIOUS_MOVE = YES;
				CLANG_WARN_UNGUARDED_AVAILABILITY = YES_AGGRESSIVE;
				CLANG_WARN_UNREACHABLE_CODE = YES;
				CLANG_WARN__DUPLICATE_METHOD_MATCH = YES;
				COPY_PHASE_STRIP = NO;
				DEBUG_INFORMATION_FORMAT = dwarf;
				ENABLE_STRICT_OBJC_MSGSEND = YES;
				ENABLE_TESTABILITY = YES;
				GCC_C_LANGUAGE_STANDARD = gnu11;
				GCC_DYNAMIC_NO_PIC = NO;
				GCC_NO_COMMON_BLOCKS = YES;
				GCC_OPTIMIZATION_LEVEL = 0;
				GCC_PREPROCESSOR_DEFINITIONS = (
					"DEBUG=1",
					"$(inherited)",
				);
				GCC_WARN_64_TO_32_BIT_CONVERSION = YES;
				GCC_WARN_ABOUT_RETURN_TYPE = YES_ERROR;
				GCC_WARN_UNDECLARED_SELECTOR = YES;
				GCC_WARN_UNINITIALIZED_AUTOS = YES_AGGRESSIVE;
				GCC_WARN_UNUSED_FUNCTION = YES;
				GCC_WARN_UNUSED_VARIABLE = YES;
				IPHONEOS_DEPLOYMENT_TARGET = 16.4;
				MTL_ENABLE_DEBUG_INFO = INCLUDE_SOURCE;
				MTL_FAST_MATH = YES;
				ONLY_ACTIVE_ARCH = YES;
				SDKROOT = iphoneos;
				SWIFT_ACTIVE_COMPILATION_CONDITIONS = DEBUG;
				SWIFT_OPTIMIZATION_LEVEL = "-Onone";
			};
			name = Debug;
		};
		CA314E5E2DA26D3600AA8BD1 /* Release */ = {
			isa = XCBuildConfiguration;
			buildSettings = {
				ALWAYS_SEARCH_USER_PATHS = NO;
				CLANG_ANALYZER_NONNULL = YES;
				CLANG_ANALYZER_NUMBER_OBJECT_CONVERSION = YES_AGGRESSIVE;
				CLANG_CXX_LANGUAGE_STANDARD = "gnu++20";
				CLANG_ENABLE_MODULES = YES;
				CLANG_ENABLE_OBJC_ARC = YES;
				CLANG_ENABLE_OBJC_WEAK = YES;
				CLANG_WARN_BLOCK_CAPTURE_AUTORELEASING = YES;
				CLANG_WARN_BOOL_CONVERSION = YES;
				CLANG_WARN_COMMA = YES;
				CLANG_WARN_CONSTANT_CONVERSION = YES;
				CLANG_WARN_DEPRECATED_OBJC_IMPLEMENTATIONS = YES;
				CLANG_WARN_DIRECT_OBJC_ISA_USAGE = YES_ERROR;
				CLANG_WARN_DOCUMENTATION_COMMENTS = YES;
				CLANG_WARN_EMPTY_BODY = YES;
				CLANG_WARN_ENUM_CONVERSION = YES;
				CLANG_WARN_INFINITE_RECURSION = YES;
				CLANG_WARN_INT_CONVERSION = YES;
				CLANG_WARN_NON_LITERAL_NULL_CONVERSION = YES;
				CLANG_WARN_OBJC_IMPLICIT_RETAIN_SELF = YES;
				CLANG_WARN_OBJC_LITERAL_CONVERSION = YES;
				CLANG_WARN_OBJC_ROOT_CLASS = YES_ERROR;
				CLANG_WARN_QUOTED_INCLUDE_IN_FRAMEWORK_HEADER = YES;
				CLANG_WARN_RANGE_LOOP_ANALYSIS = YES;
				CLANG_WARN_STRICT_PROTOTYPES = YES;
				CLANG_WARN_SUSPICIOUS_MOVE = YES;
				CLANG_WARN_UNGUARDED_AVAILABILITY = YES_AGGRESSIVE;
				CLANG_WARN_UNREACHABLE_CODE = YES;
				CLANG_WARN__DUPLICATE_METHOD_MATCH = YES;
				COPY_PHASE_STRIP = NO;
				DEBUG_INFORMATION_FORMAT = "dwarf-with-dsym";
				ENABLE_NS_ASSERTIONS = NO;
				ENABLE_STRICT_OBJC_MSGSEND = YES;
				GCC_C_LANGUAGE_STANDARD = gnu11;
				GCC_NO_COMMON_BLOCKS = YES;
				GCC_WARN_64_TO_32_BIT_CONVERSION = YES;
				GCC_WARN_ABOUT_RETURN_TYPE = YES_ERROR;
				GCC_WARN_UNDECLARED_SELECTOR = YES;
				GCC_WARN_UNINITIALIZED_AUTOS = YES_AGGRESSIVE;
				GCC_WARN_UNUSED_FUNCTION = YES;
				GCC_WARN_UNUSED_VARIABLE = YES;
				IPHONEOS_DEPLOYMENT_TARGET = 16.4;
				MTL_ENABLE_DEBUG_INFO = NO;
				MTL_FAST_MATH = YES;
				SDKROOT = iphoneos;
				SWIFT_COMPILATION_MODE = wholemodule;
				SWIFT_OPTIMIZATION_LEVEL = "-O";
				VALIDATE_PRODUCT = YES;
			};
			name = Release;
		};
		CA314E602DA26D3600AA8BD1 /* Debug */ = {
			isa = XCBuildConfiguration;
			baseConfigurationReference = A7D7079A9D89B84B37007211 /* Pods-ApplePicking.debug.xcconfig */;
			buildSettings = {
				ASSETCATALOG_COMPILER_APPICON_NAME = AppIcon;
				ASSETCATALOG_COMPILER_GLOBAL_ACCENT_COLOR_NAME = AccentColor;
				CODE_SIGN_STYLE = Automatic;
				CURRENT_PROJECT_VERSION = 1;
				DEVELOPMENT_TEAM = 37AKFHT6H5;
				GENERATE_INFOPLIST_FILE = YES;
				INFOPLIST_FILE = ApplePicking/Info.plist;
				INFOPLIST_KEY_CFBundleDisplayName = "Apple Picking";
				INFOPLIST_KEY_UIApplicationSupportsIndirectInputEvents = YES;
				INFOPLIST_KEY_UILaunchStoryboardName = LaunchScreen;
				INFOPLIST_KEY_UISupportedInterfaceOrientations = "UIInterfaceOrientationPortrait UIInterfaceOrientationPortraitUpsideDown";
				INFOPLIST_KEY_UISupportedInterfaceOrientations_iPad = "UIInterfaceOrientationLandscapeLeft UIInterfaceOrientationLandscapeRight UIInterfaceOrientationPortrait UIInterfaceOrientationPortraitUpsideDown";
				LD_RUNPATH_SEARCH_PATHS = (
					"$(inherited)",
					"@executable_path/Frameworks",
				);
				MARKETING_VERSION = 1.0;
				PRODUCT_BUNDLE_IDENTIFIER = elizhang.ApplePicking;
				PRODUCT_NAME = "$(TARGET_NAME)";
				SWIFT_EMIT_LOC_STRINGS = YES;
				SWIFT_VERSION = 5.0;
				TARGETED_DEVICE_FAMILY = "1,2";
			};
			name = Debug;
		};
		CA314E612DA26D3600AA8BD1 /* Release */ = {
			isa = XCBuildConfiguration;
			baseConfigurationReference = 38A78E76774883102A7D78F6 /* Pods-ApplePicking.release.xcconfig */;
			buildSettings = {
				ASSETCATALOG_COMPILER_APPICON_NAME = AppIcon;
				ASSETCATALOG_COMPILER_GLOBAL_ACCENT_COLOR_NAME = AccentColor;
				CODE_SIGN_STYLE = Automatic;
				CURRENT_PROJECT_VERSION = 1;
				DEVELOPMENT_TEAM = 37AKFHT6H5;
				GENERATE_INFOPLIST_FILE = YES;
				INFOPLIST_FILE = ApplePicking/Info.plist;
				INFOPLIST_KEY_CFBundleDisplayName = "Apple Picking";
				INFOPLIST_KEY_UIApplicationSupportsIndirectInputEvents = YES;
				INFOPLIST_KEY_UILaunchStoryboardName = LaunchScreen;
				INFOPLIST_KEY_UISupportedInterfaceOrientations = "UIInterfaceOrientationPortrait UIInterfaceOrientationPortraitUpsideDown";
				INFOPLIST_KEY_UISupportedInterfaceOrientations_iPad = "UIInterfaceOrientationLandscapeLeft UIInterfaceOrientationLandscapeRight UIInterfaceOrientationPortrait UIInterfaceOrientationPortraitUpsideDown";
				LD_RUNPATH_SEARCH_PATHS = (
					"$(inherited)",
					"@executable_path/Frameworks",
				);
				MARKETING_VERSION = 1.0;
				PRODUCT_BUNDLE_IDENTIFIER = elizhang.ApplePicking;
				PRODUCT_NAME = "$(TARGET_NAME)";
				SWIFT_EMIT_LOC_STRINGS = YES;
				SWIFT_VERSION = 5.0;
				TARGETED_DEVICE_FAMILY = "1,2";
			};
			name = Release;
		};
/* End XCBuildConfiguration section */

/* Begin XCConfigurationList section */
		CA314E462DA26D3500AA8BD1 /* Build configuration list for PBXProject "ApplePicking" */ = {
			isa = XCConfigurationList;
			buildConfigurations = (
				CA314E5D2DA26D3600AA8BD1 /* Debug */,
				CA314E5E2DA26D3600AA8BD1 /* Release */,
			);
			defaultConfigurationIsVisible = 0;
			defaultConfigurationName = Release;
		};
		CA314E5F2DA26D3600AA8BD1 /* Build configuration list for PBXNativeTarget "ApplePicking" */ = {
			isa = XCConfigurationList;
			buildConfigurations = (
				CA314E602DA26D3600AA8BD1 /* Debug */,
				CA314E612DA26D3600AA8BD1 /* Release */,
			);
			defaultConfigurationIsVisible = 0;
			defaultConfigurationName = Release;
		};
/* End XCConfigurationList section */
	};
	rootObject = CA314E432DA26D3500AA8BD1 /* Project object */;
}
